
Microsoft Visual Studio Solution File, Format Version 12.00
# Visual Studio Version 17
VisualStudioVersion = 17.11.35312.102
MinimumVisualStudioVersion = 10.0.40219.1
Project("{FAE04EC0-301F-11D3-BF4B-00C04F79EFBC}") = "TrafikYogunlukWeb", "TrafikYogunlukWeb\TrafikYogunlukWeb.csproj", "{CA2F5003-BD57-43F3-BA78-11F8E09BEB36}"
EndProject
Global
	GlobalSection(SolutionConfigurationPlatforms) = preSolution
		Debug|Any CPU = Debug|Any CPU
		Release|Any CPU = Release|Any CPU
	EndGlobalSection
	GlobalSection(ProjectConfigurationPlatforms) = postSolution
		{CA2F5003-BD57-43F3-BA78-11F8E09BEB36}.Debug|Any CPU.ActiveCfg = Debug|Any CPU
		{CA2F5003-BD57-43F3-BA78-11F8E09BEB36}.Debug|Any CPU.Build.0 = Debug|Any CPU
		{CA2F5003-BD57-43F3-BA78-11F8E09BEB36}.Release|Any CPU.ActiveCfg = Release|Any CPU
		{CA2F5003-BD57-43F3-BA78-11F8E09BEB36}.Release|Any CPU.Build.0 = Release|Any CPU
	EndGlobalSection
	GlobalSection(SolutionProperties) = preSolution
		HideSolutionNode = FALSE
	EndGlobalSection
	GlobalSection(ExtensibilityGlobals) = postSolution
		SolutionGuid = {82580DF6-122C-4AF4-BE43-794B1C640646}
	EndGlobalSection
EndGlobal
